
Microsoft Visual Studio Solution File, Format Version 12.00
# Visual Studio 15
VisualStudioVersion = 15.0.26730.10
MinimumVisualStudioVersion = 10.0.40219.1
Project("{FAE04EC0-301F-11D3-BF4B-00C04F79EFBC}") = "OurDocs", "OurDocs\OurDocs.csproj", "{FA7969D8-7F51-4ED5-8D39-4D69A21D8226}"
EndProject
Global
	GlobalSection(SolutionConfigurationPlatforms) = preSolution
		Debug|Any CPU = Debug|Any CPU
		Release|Any CPU = Release|Any CPU
	EndGlobalSection
	GlobalSection(ProjectConfigurationPlatforms) = postSolution
		{FA7969D8-7F51-4ED5-8D39-4D69A21D8226}.Debug|Any CPU.ActiveCfg = Debug|Any CPU
		{FA7969D8-7F51-4ED5-8D39-4D69A21D8226}.Debug|Any CPU.Build.0 = Debug|Any CPU
		{FA7969D8-7F51-4ED5-8D39-4D69A21D8226}.Release|Any CPU.ActiveCfg = Release|Any CPU
		{FA7969D8-7F51-4ED5-8D39-4D69A21D8226}.Release|Any CPU.Build.0 = Release|Any CPU
	EndGlobalSection
	GlobalSection(SolutionProperties) = preSolution
		HideSolutionNode = FALSE
	EndGlobalSection
	GlobalSection(ExtensibilityGlobals) = postSolution
		SolutionGuid = {86462C4C-F463-4C3F-AF48-F374DE9AF09A}
	EndGlobalSection
EndGlobal
